// !$*UTF8*$!
{
	archiveVersion = 1;
	classes = {
	};
	objectVersion = 51;
	objects = {

/* Begin PBXBuildFile section */
		21BA9F7F25FA2454008C2377 /* ListHeaderView.swift in Sources */ = {isa = PBXBuildFile; fileRef = 21BA9F7E25FA2454008C2377 /* ListHeaderView.swift */; };
		21BA9F8325FA25FF008C2377 /* ContainerPageable.swift in Sources */ = {isa = PBXBuildFile; fileRef = 21BA9F8225FA25FF008C2377 /* ContainerPageable.swift */; };
		21BA9F8825FA263D008C2377 /* ContainerViewController.swift in Sources */ = {isa = PBXBuildFile; fileRef = 21BA9F8725FA263D008C2377 /* ContainerViewController.swift */; };
		21BA9F8C25FA26E1008C2377 /* ContainerView.swift in Sources */ = {isa = PBXBuildFile; fileRef = 21BA9F8B25FA26E1008C2377 /* ContainerView.swift */; };
		21BA9F9825FA27A1008C2377 /* LectureCell.swift in Sources */ = {isa = PBXBuildFile; fileRef = 21BA9F9125FA27A1008C2377 /* LectureCell.swift */; };
		21BA9F9925FA27A1008C2377 /* SheduleCell.swift in Sources */ = {isa = PBXBuildFile; fileRef = 21BA9F9225FA27A1008C2377 /* SheduleCell.swift */; };
		21BA9F9A25FA27A1008C2377 /* LecturesListViewController.swift in Sources */ = {isa = PBXBuildFile; fileRef = 21BA9F9325FA27A1008C2377 /* LecturesListViewController.swift */; };
		21BA9F9B25FA27A1008C2377 /* LectureModel.swift in Sources */ = {isa = PBXBuildFile; fileRef = 21BA9F9525FA27A1008C2377 /* LectureModel.swift */; };
		21BA9F9C25FA27A1008C2377 /* LecturesList.swift in Sources */ = {isa = PBXBuildFile; fileRef = 21BA9F9725FA27A1008C2377 /* LecturesList.swift */; };
		2C0AA43E25FA67A500AF9A2E /* AudienceListViewController.swift in Sources */ = {isa = PBXBuildFile; fileRef = 2C0AA43D25FA67A500AF9A2E /* AudienceListViewController.swift */; };
		2C0AA44325FA683100AF9A2E /* AudienceListView.swift in Sources */ = {isa = PBXBuildFile; fileRef = 2C0AA44225FA683100AF9A2E /* AudienceListView.swift */; };
		2C0AA44725FA686800AF9A2E /* AudienceListCell.swift in Sources */ = {isa = PBXBuildFile; fileRef = 2C0AA44625FA686800AF9A2E /* AudienceListCell.swift */; };
		2C0AA44B25FA7A2500AF9A2E /* AddLectureViewController.swift in Sources */ = {isa = PBXBuildFile; fileRef = 2C0AA44A25FA7A2500AF9A2E /* AddLectureViewController.swift */; };
		2C0AA45025FA7B9500AF9A2E /* AddLectureView.swift in Sources */ = {isa = PBXBuildFile; fileRef = 2C0AA44F25FA7B9500AF9A2E /* AddLectureView.swift */; };
		2C0AA45625FA88F300AF9A2E /* AddLessonViewController.swift in Sources */ = {isa = PBXBuildFile; fileRef = 2C0AA45525FA88F300AF9A2E /* AddLessonViewController.swift */; };
		2C0AA45A25FA890F00AF9A2E /* AddLessonView.swift in Sources */ = {isa = PBXBuildFile; fileRef = 2C0AA45925FA890F00AF9A2E /* AddLessonView.swift */; };
		2C55EEB125F9AB5400A289B1 /* UIColor+Hex.swift in Sources */ = {isa = PBXBuildFile; fileRef = 2C55EEB025F9AB5400A289B1 /* UIColor+Hex.swift */; };
		2C55EEB525F9B0CE00A289B1 /* HilitedButton.swift in Sources */ = {isa = PBXBuildFile; fileRef = 2C55EEB425F9B0CE00A289B1 /* HilitedButton.swift */; };
		2C6FC6D825F9A5F800AEC0AD /* AuthTextField.swift in Sources */ = {isa = PBXBuildFile; fileRef = 2C6FC6D725F9A5F800AEC0AD /* AuthTextField.swift */; };
		2CA71AEE25F9547D001A0C4B /* AppDelegate.swift in Sources */ = {isa = PBXBuildFile; fileRef = 2CA71AED25F9547D001A0C4B /* AppDelegate.swift */; };
		2CA71AF725F95480001A0C4B /* Assets.xcassets in Resources */ = {isa = PBXBuildFile; fileRef = 2CA71AF625F95480001A0C4B /* Assets.xcassets */; };
		2CA71AFA25F95480001A0C4B /* LaunchScreen.storyboard in Resources */ = {isa = PBXBuildFile; fileRef = 2CA71AF825F95480001A0C4B /* LaunchScreen.storyboard */; };
		2CA71B0A25F95719001A0C4B /* RegistrationViewController.swift in Sources */ = {isa = PBXBuildFile; fileRef = 2CA71B0925F95719001A0C4B /* RegistrationViewController.swift */; };
		2CC5058425F9C34E005C5615 /* UIView+Shake.swift in Sources */ = {isa = PBXBuildFile; fileRef = 2CC5058325F9C34E005C5615 /* UIView+Shake.swift */; };
		2CC5059425FA425E005C5615 /* User.swift in Sources */ = {isa = PBXBuildFile; fileRef = 2CC5059325FA425E005C5615 /* User.swift */; };
		2CE8BFF725F95A5000CB943A /* RegistrationView.swift in Sources */ = {isa = PBXBuildFile; fileRef = 2CE8BFF625F95A5000CB943A /* RegistrationView.swift */; };
		BC78CBD2BF9EC9184586BC00 /* Pods_PP.framework in Frameworks */ = {isa = PBXBuildFile; fileRef = CAFAFFD41664C83927C33BB8 /* Pods_PP.framework */; };
/* End PBXBuildFile section */

/* Begin PBXFileReference section */
		03CB91FA27543CD2096810B8 /* Pods-PP.release.xcconfig */ = {isa = PBXFileReference; includeInIndex = 1; lastKnownFileType = text.xcconfig; name = "Pods-PP.release.xcconfig"; path = "Target Support Files/Pods-PP/Pods-PP.release.xcconfig"; sourceTree = "<group>"; };
		21BA9F7E25FA2454008C2377 /* ListHeaderView.swift */ = {isa = PBXFileReference; fileEncoding = 4; lastKnownFileType = sourcecode.swift; path = ListHeaderView.swift; sourceTree = "<group>"; };
		21BA9F8225FA25FF008C2377 /* ContainerPageable.swift */ = {isa = PBXFileReference; fileEncoding = 4; lastKnownFileType = sourcecode.swift; path = ContainerPageable.swift; sourceTree = "<group>"; };
		21BA9F8725FA263D008C2377 /* ContainerViewController.swift */ = {isa = PBXFileReference; fileEncoding = 4; lastKnownFileType = sourcecode.swift; path = ContainerViewController.swift; sourceTree = "<group>"; };
		21BA9F8B25FA26E1008C2377 /* ContainerView.swift */ = {isa = PBXFileReference; fileEncoding = 4; lastKnownFileType = sourcecode.swift; path = ContainerView.swift; sourceTree = "<group>"; };
		21BA9F9125FA27A1008C2377 /* LectureCell.swift */ = {isa = PBXFileReference; fileEncoding = 4; lastKnownFileType = sourcecode.swift; path = LectureCell.swift; sourceTree = "<group>"; };
		21BA9F9225FA27A1008C2377 /* SheduleCell.swift */ = {isa = PBXFileReference; fileEncoding = 4; lastKnownFileType = sourcecode.swift; path = SheduleCell.swift; sourceTree = "<group>"; };
		21BA9F9325FA27A1008C2377 /* LecturesListViewController.swift */ = {isa = PBXFileReference; fileEncoding = 4; lastKnownFileType = sourcecode.swift; path = LecturesListViewController.swift; sourceTree = "<group>"; };
		21BA9F9525FA27A1008C2377 /* LectureModel.swift */ = {isa = PBXFileReference; fileEncoding = 4; lastKnownFileType = sourcecode.swift; path = LectureModel.swift; sourceTree = "<group>"; };
		21BA9F9725FA27A1008C2377 /* LecturesList.swift */ = {isa = PBXFileReference; fileEncoding = 4; lastKnownFileType = sourcecode.swift; path = LecturesList.swift; sourceTree = "<group>"; };
		2C0AA43D25FA67A500AF9A2E /* AudienceListViewController.swift */ = {isa = PBXFileReference; lastKnownFileType = sourcecode.swift; path = AudienceListViewController.swift; sourceTree = "<group>"; };
		2C0AA44225FA683100AF9A2E /* AudienceListView.swift */ = {isa = PBXFileReference; lastKnownFileType = sourcecode.swift; path = AudienceListView.swift; sourceTree = "<group>"; };
		2C0AA44625FA686800AF9A2E /* AudienceListCell.swift */ = {isa = PBXFileReference; lastKnownFileType = sourcecode.swift; path = AudienceListCell.swift; sourceTree = "<group>"; };
		2C0AA44A25FA7A2500AF9A2E /* AddLectureViewController.swift */ = {isa = PBXFileReference; lastKnownFileType = sourcecode.swift; path = AddLectureViewController.swift; sourceTree = "<group>"; };
		2C0AA44F25FA7B9500AF9A2E /* AddLectureView.swift */ = {isa = PBXFileReference; lastKnownFileType = sourcecode.swift; path = AddLectureView.swift; sourceTree = "<group>"; };
		2C0AA45525FA88F300AF9A2E /* AddLessonViewController.swift */ = {isa = PBXFileReference; lastKnownFileType = sourcecode.swift; path = AddLessonViewController.swift; sourceTree = "<group>"; };
		2C0AA45925FA890F00AF9A2E /* AddLessonView.swift */ = {isa = PBXFileReference; lastKnownFileType = sourcecode.swift; path = AddLessonView.swift; sourceTree = "<group>"; };
		2C55EEB025F9AB5400A289B1 /* UIColor+Hex.swift */ = {isa = PBXFileReference; lastKnownFileType = sourcecode.swift; path = "UIColor+Hex.swift"; sourceTree = "<group>"; };
		2C55EEB425F9B0CE00A289B1 /* HilitedButton.swift */ = {isa = PBXFileReference; lastKnownFileType = sourcecode.swift; path = HilitedButton.swift; sourceTree = "<group>"; };
		2C6FC6D725F9A5F800AEC0AD /* AuthTextField.swift */ = {isa = PBXFileReference; lastKnownFileType = sourcecode.swift; path = AuthTextField.swift; sourceTree = "<group>"; };
		2CA71AEA25F9547D001A0C4B /* PP.app */ = {isa = PBXFileReference; explicitFileType = wrapper.application; includeInIndex = 0; path = PP.app; sourceTree = BUILT_PRODUCTS_DIR; };
		2CA71AED25F9547D001A0C4B /* AppDelegate.swift */ = {isa = PBXFileReference; lastKnownFileType = sourcecode.swift; path = AppDelegate.swift; sourceTree = "<group>"; };
		2CA71AF625F95480001A0C4B /* Assets.xcassets */ = {isa = PBXFileReference; lastKnownFileType = folder.assetcatalog; path = Assets.xcassets; sourceTree = "<group>"; };
		2CA71AF925F95480001A0C4B /* Base */ = {isa = PBXFileReference; lastKnownFileType = file.storyboard; name = Base; path = Base.lproj/LaunchScreen.storyboard; sourceTree = "<group>"; };
		2CA71AFB25F95480001A0C4B /* Info.plist */ = {isa = PBXFileReference; lastKnownFileType = text.plist.xml; path = Info.plist; sourceTree = "<group>"; };
		2CA71B0925F95719001A0C4B /* RegistrationViewController.swift */ = {isa = PBXFileReference; lastKnownFileType = sourcecode.swift; path = RegistrationViewController.swift; sourceTree = "<group>"; };
		2CC5058325F9C34E005C5615 /* UIView+Shake.swift */ = {isa = PBXFileReference; lastKnownFileType = sourcecode.swift; path = "UIView+Shake.swift"; sourceTree = "<group>"; };
		2CC5059325FA425E005C5615 /* User.swift */ = {isa = PBXFileReference; lastKnownFileType = sourcecode.swift; path = User.swift; sourceTree = "<group>"; };
		2CE8BFF625F95A5000CB943A /* RegistrationView.swift */ = {isa = PBXFileReference; lastKnownFileType = sourcecode.swift; path = RegistrationView.swift; sourceTree = "<group>"; };
		353864C522E7D1EC7BA48BF2 /* Pods-PP.debug.xcconfig */ = {isa = PBXFileReference; includeInIndex = 1; lastKnownFileType = text.xcconfig; name = "Pods-PP.debug.xcconfig"; path = "Target Support Files/Pods-PP/Pods-PP.debug.xcconfig"; sourceTree = "<group>"; };
		CAFAFFD41664C83927C33BB8 /* Pods_PP.framework */ = {isa = PBXFileReference; explicitFileType = wrapper.framework; includeInIndex = 0; path = Pods_PP.framework; sourceTree = BUILT_PRODUCTS_DIR; };
/* End PBXFileReference section */

/* Begin PBXFrameworksBuildPhase section */
		2CA71AE725F9547D001A0C4B /* Frameworks */ = {
			isa = PBXFrameworksBuildPhase;
			buildActionMask = 2147483647;
			files = (
				BC78CBD2BF9EC9184586BC00 /* Pods_PP.framework in Frameworks */,
			);
			runOnlyForDeploymentPostprocessing = 0;
		};
/* End PBXFrameworksBuildPhase section */

/* Begin PBXGroup section */
		21BA9F7925FA2123008C2377 /* Container */ = {
			isa = PBXGroup;
			children = (
				21BA9F8125FA25FF008C2377 /* Delegate */,
				21BA9F7C25FA2430008C2377 /* View */,
				21BA9F8725FA263D008C2377 /* ContainerViewController.swift */,
			);
			path = Container;
			sourceTree = "<group>";
		};
		21BA9F7C25FA2430008C2377 /* View */ = {
			isa = PBXGroup;
			children = (
				21BA9F7D25FA243E008C2377 /* Subview */,
				21BA9F8B25FA26E1008C2377 /* ContainerView.swift */,
			);
			path = View;
			sourceTree = "<group>";
		};
		21BA9F7D25FA243E008C2377 /* Subview */ = {
			isa = PBXGroup;
			children = (
				21BA9F7E25FA2454008C2377 /* ListHeaderView.swift */,
			);
			path = Subview;
			sourceTree = "<group>";
		};
		21BA9F8125FA25FF008C2377 /* Delegate */ = {
			isa = PBXGroup;
			children = (
				21BA9F8225FA25FF008C2377 /* ContainerPageable.swift */,
			);
			path = Delegate;
			sourceTree = "<group>";
		};
		21BA9F8F25FA27A1008C2377 /* LecturesList */ = {
			isa = PBXGroup;
			children = (
				21BA9F9025FA27A1008C2377 /* Cell */,
				21BA9F9425FA27A1008C2377 /* Model */,
				21BA9F9625FA27A1008C2377 /* View */,
				21BA9F9325FA27A1008C2377 /* LecturesListViewController.swift */,
			);
			path = LecturesList;
			sourceTree = "<group>";
		};
		21BA9F9025FA27A1008C2377 /* Cell */ = {
			isa = PBXGroup;
			children = (
				21BA9F9125FA27A1008C2377 /* LectureCell.swift */,
				21BA9F9225FA27A1008C2377 /* SheduleCell.swift */,
			);
			path = Cell;
			sourceTree = "<group>";
		};
		21BA9F9425FA27A1008C2377 /* Model */ = {
			isa = PBXGroup;
			children = (
				21BA9F9525FA27A1008C2377 /* LectureModel.swift */,
			);
			path = Model;
			sourceTree = "<group>";
		};
		21BA9F9625FA27A1008C2377 /* View */ = {
			isa = PBXGroup;
			children = (
				21BA9F9725FA27A1008C2377 /* LecturesList.swift */,
			);
			path = View;
			sourceTree = "<group>";
		};
		2C0AA43C25FA678600AF9A2E /* AudienceList */ = {
			isa = PBXGroup;
			children = (
				2C0AA44525FA685700AF9A2E /* Cell */,
				2C0AA44125FA681500AF9A2E /* View */,
				2C0AA43D25FA67A500AF9A2E /* AudienceListViewController.swift */,
			);
			path = AudienceList;
			sourceTree = "<group>";
		};
		2C0AA44125FA681500AF9A2E /* View */ = {
			isa = PBXGroup;
			children = (
				2C0AA44225FA683100AF9A2E /* AudienceListView.swift */,
			);
			path = View;
			sourceTree = "<group>";
		};
		2C0AA44525FA685700AF9A2E /* Cell */ = {
			isa = PBXGroup;
			children = (
				2C0AA44625FA686800AF9A2E /* AudienceListCell.swift */,
			);
			path = Cell;
			sourceTree = "<group>";
		};
		2C0AA44925FA7A0900AF9A2E /* AddLecture */ = {
			isa = PBXGroup;
			children = (
				2C0AA44E25FA7A2D00AF9A2E /* View */,
				2C0AA44A25FA7A2500AF9A2E /* AddLectureViewController.swift */,
			);
			path = AddLecture;
			sourceTree = "<group>";
		};
		2C0AA44E25FA7A2D00AF9A2E /* View */ = {
			isa = PBXGroup;
			children = (
				2C0AA44F25FA7B9500AF9A2E /* AddLectureView.swift */,
			);
			path = View;
			sourceTree = "<group>";
		};
		2C0AA45425FA870200AF9A2E /* AddLesson */ = {
			isa = PBXGroup;
			children = (
				2C0AA45825FA88FE00AF9A2E /* View */,
				2C0AA45525FA88F300AF9A2E /* AddLessonViewController.swift */,
			);
			path = AddLesson;
			sourceTree = "<group>";
		};
		2C0AA45825FA88FE00AF9A2E /* View */ = {
			isa = PBXGroup;
			children = (
				2C0AA45925FA890F00AF9A2E /* AddLessonView.swift */,
			);
			path = View;
			sourceTree = "<group>";
		};
		2C6FC6D625F9A5AC00AEC0AD /* Extensions */ = {
			isa = PBXGroup;
			children = (
				2C55EEB025F9AB5400A289B1 /* UIColor+Hex.swift */,
				2CC5058325F9C34E005C5615 /* UIView+Shake.swift */,
			);
			path = Extensions;
			sourceTree = "<group>";
		};
		2C6FC6DB25F9A61600AEC0AD /* Subview */ = {
			isa = PBXGroup;
			children = (
				2C6FC6D725F9A5F800AEC0AD /* AuthTextField.swift */,
				2C55EEB425F9B0CE00A289B1 /* HilitedButton.swift */,
			);
			path = Subview;
			sourceTree = "<group>";
		};
		2CA71AE125F9547D001A0C4B = {
			isa = PBXGroup;
			children = (
				2CA71AEC25F9547D001A0C4B /* PP */,
				2CA71AEB25F9547D001A0C4B /* Products */,
				F9BE4773AE62DC6D9D22D890 /* Pods */,
				455431797C6374EE446BBF76 /* Frameworks */,
			);
			sourceTree = "<group>";
		};
		2CA71AEB25F9547D001A0C4B /* Products */ = {
			isa = PBXGroup;
			children = (
				2CA71AEA25F9547D001A0C4B /* PP.app */,
			);
			name = Products;
			sourceTree = "<group>";
		};
		2CA71AEC25F9547D001A0C4B /* PP */ = {
			isa = PBXGroup;
			children = (
				2CA71AED25F9547D001A0C4B /* AppDelegate.swift */,
				2CA71AFB25F95480001A0C4B /* Info.plist */,
				2CA71AF825F95480001A0C4B /* LaunchScreen.storyboard */,
				2CA71B0825F955E1001A0C4B /* Modules */,
				2C6FC6D625F9A5AC00AEC0AD /* Extensions */,
				2CA71AF625F95480001A0C4B /* Assets.xcassets */,
			);
			path = PP;
			sourceTree = "<group>";
		};
		2CA71B0825F955E1001A0C4B /* Modules */ = {
			isa = PBXGroup;
			children = (
				2C0AA45425FA870200AF9A2E /* AddLesson */,
				2C0AA44925FA7A0900AF9A2E /* AddLecture */,
				2C0AA43C25FA678600AF9A2E /* AudienceList */,
				21BA9F8F25FA27A1008C2377 /* LecturesList */,
				21BA9F7925FA2123008C2377 /* Container */,
				2CE8BFF425F959F200CB943A /* Registration */,
			);
			path = Modules;
			sourceTree = "<group>";
		};
		2CC5059125FA41FB005C5615 /* Model */ = {
			isa = PBXGroup;
			children = (
				2CC5059325FA425E005C5615 /* User.swift */,
			);
			path = Model;
			sourceTree = "<group>";
		};
		2CE8BFF425F959F200CB943A /* Registration */ = {
			isa = PBXGroup;
			children = (
				2CC5059125FA41FB005C5615 /* Model */,
				2CE8BFF525F95A3800CB943A /* View */,
				2CA71B0925F95719001A0C4B /* RegistrationViewController.swift */,
			);
			path = Registration;
			sourceTree = "<group>";
		};
		2CE8BFF525F95A3800CB943A /* View */ = {
			isa = PBXGroup;
			children = (
				2C6FC6DB25F9A61600AEC0AD /* Subview */,
				2CE8BFF625F95A5000CB943A /* RegistrationView.swift */,
			);
			path = View;
			sourceTree = "<group>";
		};
		455431797C6374EE446BBF76 /* Frameworks */ = {
			isa = PBXGroup;
			children = (
				CAFAFFD41664C83927C33BB8 /* Pods_PP.framework */,
			);
			name = Frameworks;
			sourceTree = "<group>";
		};
		F9BE4773AE62DC6D9D22D890 /* Pods */ = {
			isa = PBXGroup;
			children = (
				353864C522E7D1EC7BA48BF2 /* Pods-PP.debug.xcconfig */,
				03CB91FA27543CD2096810B8 /* Pods-PP.release.xcconfig */,
			);
			path = Pods;
			sourceTree = "<group>";
		};
/* End PBXGroup section */

/* Begin PBXNativeTarget section */
		2CA71AE925F9547D001A0C4B /* PP */ = {
			isa = PBXNativeTarget;
			buildConfigurationList = 2CA71AFE25F95480001A0C4B /* Build configuration list for PBXNativeTarget "PP" */;
			buildPhases = (
				DEA24BF85AA64087FFB82B15 /* [CP] Check Pods Manifest.lock */,
				2CA71AE625F9547D001A0C4B /* Sources */,
				2CA71AE725F9547D001A0C4B /* Frameworks */,
				2CA71AE825F9547D001A0C4B /* Resources */,
				33C531197D319E56D23B5E02 /* [CP] Embed Pods Frameworks */,
			);
			buildRules = (
			);
			dependencies = (
			);
			name = PP;
			productName = PP;
			productReference = 2CA71AEA25F9547D001A0C4B /* PP.app */;
			productType = "com.apple.product-type.application";
		};
/* End PBXNativeTarget section */

/* Begin PBXProject section */
		2CA71AE225F9547D001A0C4B /* Project object */ = {
			isa = PBXProject;
			attributes = {
				LastSwiftUpdateCheck = 1240;
				LastUpgradeCheck = 1240;
				TargetAttributes = {
					2CA71AE925F9547D001A0C4B = {
						CreatedOnToolsVersion = 12.4;
					};
				};
			};
			buildConfigurationList = 2CA71AE525F9547D001A0C4B /* Build configuration list for PBXProject "PP" */;
			compatibilityVersion = "Xcode 9.3";
			developmentRegion = en;
			hasScannedForEncodings = 0;
			knownRegions = (
				en,
				Base,
			);
			mainGroup = 2CA71AE125F9547D001A0C4B;
			productRefGroup = 2CA71AEB25F9547D001A0C4B /* Products */;
			projectDirPath = "";
			projectRoot = "";
			targets = (
				2CA71AE925F9547D001A0C4B /* PP */,
			);
		};
/* End PBXProject section */

/* Begin PBXResourcesBuildPhase section */
		2CA71AE825F9547D001A0C4B /* Resources */ = {
			isa = PBXResourcesBuildPhase;
			buildActionMask = 2147483647;
			files = (
				2CA71AFA25F95480001A0C4B /* LaunchScreen.storyboard in Resources */,
				2CA71AF725F95480001A0C4B /* Assets.xcassets in Resources */,
			);
			runOnlyForDeploymentPostprocessing = 0;
		};
/* End PBXResourcesBuildPhase section */

/* Begin PBXShellScriptBuildPhase section */
		33C531197D319E56D23B5E02 /* [CP] Embed Pods Frameworks */ = {
			isa = PBXShellScriptBuildPhase;
			buildActionMask = 2147483647;
			files = (
			);
			inputFileListPaths = (
				"${PODS_ROOT}/Target Support Files/Pods-PP/Pods-PP-frameworks-${CONFIGURATION}-input-files.xcfilelist",
			);
			name = "[CP] Embed Pods Frameworks";
			outputFileListPaths = (
				"${PODS_ROOT}/Target Support Files/Pods-PP/Pods-PP-frameworks-${CONFIGURATION}-output-files.xcfilelist",
			);
			runOnlyForDeploymentPostprocessing = 0;
			shellPath = /bin/sh;
			shellScript = "\"${PODS_ROOT}/Target Support Files/Pods-PP/Pods-PP-frameworks.sh\"\n";
			showEnvVarsInLog = 0;
		};
		DEA24BF85AA64087FFB82B15 /* [CP] Check Pods Manifest.lock */ = {
			isa = PBXShellScriptBuildPhase;
			buildActionMask = 2147483647;
			files = (
			);
			inputFileListPaths = (
			);
			inputPaths = (
				"${PODS_PODFILE_DIR_PATH}/Podfile.lock",
				"${PODS_ROOT}/Manifest.lock",
			);
			name = "[CP] Check Pods Manifest.lock";
			outputFileListPaths = (
			);
			outputPaths = (
				"$(DERIVED_FILE_DIR)/Pods-PP-checkManifestLockResult.txt",
			);
			runOnlyForDeploymentPostprocessing = 0;
			shellPath = /bin/sh;
			shellScript = "diff \"${PODS_PODFILE_DIR_PATH}/Podfile.lock\" \"${PODS_ROOT}/Manifest.lock\" > /dev/null\nif [ $? != 0 ] ; then\n    # print error to STDERR\n    echo \"error: The sandbox is not in sync with the Podfile.lock. Run 'pod install' or update your CocoaPods installation.\" >&2\n    exit 1\nfi\n# This output is used by Xcode 'outputs' to avoid re-running this script phase.\necho \"SUCCESS\" > \"${SCRIPT_OUTPUT_FILE_0}\"\n";
			showEnvVarsInLog = 0;
		};
/* End PBXShellScriptBuildPhase section */

/* Begin PBXSourcesBuildPhase section */
		2CA71AE625F9547D001A0C4B /* Sources */ = {
			isa = PBXSourcesBuildPhase;
			buildActionMask = 2147483647;
			files = (
				2CE8BFF725F95A5000CB943A /* RegistrationView.swift in Sources */,
				2C0AA45625FA88F300AF9A2E /* AddLessonViewController.swift in Sources */,
				21BA9F9925FA27A1008C2377 /* SheduleCell.swift in Sources */,
				2C6FC6D825F9A5F800AEC0AD /* AuthTextField.swift in Sources */,
				2CA71B0A25F95719001A0C4B /* RegistrationViewController.swift in Sources */,
				2C0AA44B25FA7A2500AF9A2E /* AddLectureViewController.swift in Sources */,
				2C0AA45A25FA890F00AF9A2E /* AddLessonView.swift in Sources */,
				21BA9F8825FA263D008C2377 /* ContainerViewController.swift in Sources */,
				21BA9F8C25FA26E1008C2377 /* ContainerView.swift in Sources */,
				21BA9F7F25FA2454008C2377 /* ListHeaderView.swift in Sources */,
				2CC5059425FA425E005C5615 /* User.swift in Sources */,
				2C0AA44325FA683100AF9A2E /* AudienceListView.swift in Sources */,
				21BA9F9A25FA27A1008C2377 /* LecturesListViewController.swift in Sources */,
				2C55EEB125F9AB5400A289B1 /* UIColor+Hex.swift in Sources */,
				2C0AA43E25FA67A500AF9A2E /* AudienceListViewController.swift in Sources */,
				21BA9F9B25FA27A1008C2377 /* LectureModel.swift in Sources */,
				21BA9F9C25FA27A1008C2377 /* LecturesList.swift in Sources */,
				2C55EEB525F9B0CE00A289B1 /* HilitedButton.swift in Sources */,
				21BA9F9825FA27A1008C2377 /* LectureCell.swift in Sources */,
				2C0AA45025FA7B9500AF9A2E /* AddLectureView.swift in Sources */,
				21BA9F8325FA25FF008C2377 /* ContainerPageable.swift in Sources */,
				2CC5058425F9C34E005C5615 /* UIView+Shake.swift in Sources */,
				2CA71AEE25F9547D001A0C4B /* AppDelegate.swift in Sources */,
				2C0AA44725FA686800AF9A2E /* AudienceListCell.swift in Sources */,
			);
			runOnlyForDeploymentPostprocessing = 0;
		};
/* End PBXSourcesBuildPhase section */

/* Begin PBXVariantGroup section */
		2CA71AF825F95480001A0C4B /* LaunchScreen.storyboard */ = {
			isa = PBXVariantGroup;
			children = (
				2CA71AF925F95480001A0C4B /* Base */,
			);
			name = LaunchScreen.storyboard;
			sourceTree = "<group>";
		};
/* End PBXVariantGroup section */

/* Begin XCBuildConfiguration section */
		2CA71AFC25F95480001A0C4B /* Debug */ = {
			isa = XCBuildConfiguration;
			buildSettings = {
				ALWAYS_SEARCH_USER_PATHS = NO;
				CLANG_ANALYZER_NONNULL = YES;
				CLANG_ANALYZER_NUMBER_OBJECT_CONVERSION = YES_AGGRESSIVE;
				CLANG_CXX_LANGUAGE_STANDARD = "gnu++14";
				CLANG_CXX_LIBRARY = "libc++";
				CLANG_ENABLE_MODULES = YES;
				CLANG_ENABLE_OBJC_ARC = YES;
				CLANG_ENABLE_OBJC_WEAK = YES;
				CLANG_WARN_BLOCK_CAPTURE_AUTORELEASING = YES;
				CLANG_WARN_BOOL_CONVERSION = YES;
				CLANG_WARN_COMMA = YES;
				CLANG_WARN_CONSTANT_CONVERSION = YES;
				CLANG_WARN_DEPRECATED_OBJC_IMPLEMENTATIONS = YES;
				CLANG_WARN_DIRECT_OBJC_ISA_USAGE = YES_ERROR;
				CLANG_WARN_DOCUMENTATION_COMMENTS = YES;
				CLANG_WARN_EMPTY_BODY = YES;
				CLANG_WARN_ENUM_CONVERSION = YES;
				CLANG_WARN_INFINITE_RECURSION = YES;
				CLANG_WARN_INT_CONVERSION = YES;
				CLANG_WARN_NON_LITERAL_NULL_CONVERSION = YES;
				CLANG_WARN_OBJC_IMPLICIT_RETAIN_SELF = YES;
				CLANG_WARN_OBJC_LITERAL_CONVERSION = YES;
				CLANG_WARN_OBJC_ROOT_CLASS = YES_ERROR;
				CLANG_WARN_QUOTED_INCLUDE_IN_FRAMEWORK_HEADER = YES;
				CLANG_WARN_RANGE_LOOP_ANALYSIS = YES;
				CLANG_WARN_STRICT_PROTOTYPES = YES;
				CLANG_WARN_SUSPICIOUS_MOVE = YES;
				CLANG_WARN_UNGUARDED_AVAILABILITY = YES_AGGRESSIVE;
				CLANG_WARN_UNREACHABLE_CODE = YES;
				CLANG_WARN__DUPLICATE_METHOD_MATCH = YES;
				COPY_PHASE_STRIP = NO;
				DEBUG_INFORMATION_FORMAT = dwarf;
				ENABLE_STRICT_OBJC_MSGSEND = YES;
				ENABLE_TESTABILITY = YES;
				GCC_C_LANGUAGE_STANDARD = gnu11;
				GCC_DYNAMIC_NO_PIC = NO;
				GCC_NO_COMMON_BLOCKS = YES;
				GCC_OPTIMIZATION_LEVEL = 0;
				GCC_PREPROCESSOR_DEFINITIONS = (
					"DEBUG=1",
					"$(inherited)",
				);
				GCC_WARN_64_TO_32_BIT_CONVERSION = YES;
				GCC_WARN_ABOUT_RETURN_TYPE = YES_ERROR;
				GCC_WARN_UNDECLARED_SELECTOR = YES;
				GCC_WARN_UNINITIALIZED_AUTOS = YES_AGGRESSIVE;
				GCC_WARN_UNUSED_FUNCTION = YES;
				GCC_WARN_UNUSED_VARIABLE = YES;
				IPHONEOS_DEPLOYMENT_TARGET = 14.4;
				MTL_ENABLE_DEBUG_INFO = INCLUDE_SOURCE;
				MTL_FAST_MATH = YES;
				ONLY_ACTIVE_ARCH = YES;
				SDKROOT = iphoneos;
				SWIFT_ACTIVE_COMPILATION_CONDITIONS = DEBUG;
				SWIFT_OPTIMIZATION_LEVEL = "-Onone";
			};
			name = Debug;
		};
		2CA71AFD25F95480001A0C4B /* Release */ = {
			isa = XCBuildConfiguration;
			buildSettings = {
				ALWAYS_SEARCH_USER_PATHS = NO;
				CLANG_ANALYZER_NONNULL = YES;
				CLANG_ANALYZER_NUMBER_OBJECT_CONVERSION = YES_AGGRESSIVE;
				CLANG_CXX_LANGUAGE_STANDARD = "gnu++14";
				CLANG_CXX_LIBRARY = "libc++";
				CLANG_ENABLE_MODULES = YES;
				CLANG_ENABLE_OBJC_ARC = YES;
				CLANG_ENABLE_OBJC_WEAK = YES;
				CLANG_WARN_BLOCK_CAPTURE_AUTORELEASING = YES;
				CLANG_WARN_BOOL_CONVERSION = YES;
				CLANG_WARN_COMMA = YES;
				CLANG_WARN_CONSTANT_CONVERSION = YES;
				CLANG_WARN_DEPRECATED_OBJC_IMPLEMENTATIONS = YES;
				CLANG_WARN_DIRECT_OBJC_ISA_USAGE = YES_ERROR;
				CLANG_WARN_DOCUMENTATION_COMMENTS = YES;
				CLANG_WARN_EMPTY_BODY = YES;
				CLANG_WARN_ENUM_CONVERSION = YES;
				CLANG_WARN_INFINITE_RECURSION = YES;
				CLANG_WARN_INT_CONVERSION = YES;
				CLANG_WARN_NON_LITERAL_NULL_CONVERSION = YES;
				CLANG_WARN_OBJC_IMPLICIT_RETAIN_SELF = YES;
				CLANG_WARN_OBJC_LITERAL_CONVERSION = YES;
				CLANG_WARN_OBJC_ROOT_CLASS = YES_ERROR;
				CLANG_WARN_QUOTED_INCLUDE_IN_FRAMEWORK_HEADER = YES;
				CLANG_WARN_RANGE_LOOP_ANALYSIS = YES;
				CLANG_WARN_STRICT_PROTOTYPES = YES;
				CLANG_WARN_SUSPICIOUS_MOVE = YES;
				CLANG_WARN_UNGUARDED_AVAILABILITY = YES_AGGRESSIVE;
				CLANG_WARN_UNREACHABLE_CODE = YES;
				CLANG_WARN__DUPLICATE_METHOD_MATCH = YES;
				COPY_PHASE_STRIP = NO;
				DEBUG_INFORMATION_FORMAT = "dwarf-with-dsym";
				ENABLE_NS_ASSERTIONS = NO;
				ENABLE_STRICT_OBJC_MSGSEND = YES;
				GCC_C_LANGUAGE_STANDARD = gnu11;
				GCC_NO_COMMON_BLOCKS = YES;
				GCC_WARN_64_TO_32_BIT_CONVERSION = YES;
				GCC_WARN_ABOUT_RETURN_TYPE = YES_ERROR;
				GCC_WARN_UNDECLARED_SELECTOR = YES;
				GCC_WARN_UNINITIALIZED_AUTOS = YES_AGGRESSIVE;
				GCC_WARN_UNUSED_FUNCTION = YES;
				GCC_WARN_UNUSED_VARIABLE = YES;
				IPHONEOS_DEPLOYMENT_TARGET = 14.4;
				MTL_ENABLE_DEBUG_INFO = NO;
				MTL_FAST_MATH = YES;
				SDKROOT = iphoneos;
				SWIFT_COMPILATION_MODE = wholemodule;
				SWIFT_OPTIMIZATION_LEVEL = "-O";
				VALIDATE_PRODUCT = YES;
			};
			name = Release;
		};
		2CA71AFF25F95480001A0C4B /* Debug */ = {
			isa = XCBuildConfiguration;
			baseConfigurationReference = 353864C522E7D1EC7BA48BF2 /* Pods-PP.debug.xcconfig */;
			buildSettings = {
				ASSETCATALOG_COMPILER_APPICON_NAME = AppIcon;
				ASSETCATALOG_COMPILER_GLOBAL_ACCENT_COLOR_NAME = AccentColor;
				CODE_SIGN_STYLE = Automatic;
				DEVELOPMENT_TEAM = 62K92RJKZZ;
				INFOPLIST_FILE = PP/Info.plist;
				IPHONEOS_DEPLOYMENT_TARGET = 13.2;
				LD_RUNPATH_SEARCH_PATHS = (
					"$(inherited)",
					"@executable_path/Frameworks",
				);
				PRODUCT_BUNDLE_IDENTIFIER = ITMO.inc.PP;
				PRODUCT_NAME = "$(TARGET_NAME)";
				SWIFT_VERSION = 5.0;
				TARGETED_DEVICE_FAMILY = 1;
			};
			name = Debug;
		};
		2CA71B0025F95480001A0C4B /* Release */ = {
			isa = XCBuildConfiguration;
			baseConfigurationReference = 03CB91FA27543CD2096810B8 /* Pods-PP.release.xcconfig */;
			buildSettings = {
				ASSETCATALOG_COMPILER_APPICON_NAME = AppIcon;
				ASSETCATALOG_COMPILER_GLOBAL_ACCENT_COLOR_NAME = AccentColor;
				CODE_SIGN_STYLE = Automatic;
				DEVELOPMENT_TEAM = 62K92RJKZZ;
				INFOPLIST_FILE = PP/Info.plist;
				IPHONEOS_DEPLOYMENT_TARGET = 13.2;
				LD_RUNPATH_SEARCH_PATHS = (
					"$(inherited)",
					"@executable_path/Frameworks",
				);
				PRODUCT_BUNDLE_IDENTIFIER = ITMO.inc.PP;
				PRODUCT_NAME = "$(TARGET_NAME)";
				SWIFT_VERSION = 5.0;
				TARGETED_DEVICE_FAMILY = 1;
			};
			name = Release;
		};
/* End XCBuildConfiguration section */

/* Begin XCConfigurationList section */
		2CA71AE525F9547D001A0C4B /* Build configuration list for PBXProject "PP" */ = {
			isa = XCConfigurationList;
			buildConfigurations = (
				2CA71AFC25F95480001A0C4B /* Debug */,
				2CA71AFD25F95480001A0C4B /* Release */,
			);
			defaultConfigurationIsVisible = 0;
			defaultConfigurationName = Release;
		};
		2CA71AFE25F95480001A0C4B /* Build configuration list for PBXNativeTarget "PP" */ = {
			isa = XCConfigurationList;
			buildConfigurations = (
				2CA71AFF25F95480001A0C4B /* Debug */,
				2CA71B0025F95480001A0C4B /* Release */,
			);
			defaultConfigurationIsVisible = 0;
			defaultConfigurationName = Release;
		};
/* End XCConfigurationList section */
	};
	rootObject = 2CA71AE225F9547D001A0C4B /* Project object */;
}
